
Microsoft Visual Studio Solution File, Format Version 11.00
# Visual Studio 2010
Project("{FAE04EC0-301F-11D3-BF4B-00C04F79EFBC}") = "HobbiesServices", "HobbiesServices\HobbiesServices.csproj", "{B084254E-3AE1-4D1A-A62B-EB7225ADF964}"
EndProject
Project("{FAE04EC0-301F-11D3-BF4B-00C04F79EFBC}") = "HobbiesMVC", "HobbiesMVC\HobbiesMVC.csproj", "{F8F3FAE6-3018-490C-951E-243159FC941F}"
	ProjectSection(ProjectDependencies) = postProject
		{B084254E-3AE1-4D1A-A62B-EB7225ADF964} = {B084254E-3AE1-4D1A-A62B-EB7225ADF964}
	EndProjectSection
EndProject
Global
	GlobalSection(SolutionConfigurationPlatforms) = preSolution
		Debug|Any CPU = Debug|Any CPU
		Release|Any CPU = Release|Any CPU
	EndGlobalSection
	GlobalSection(ProjectConfigurationPlatforms) = postSolution
		{B084254E-3AE1-4D1A-A62B-EB7225ADF964}.Debug|Any CPU.ActiveCfg = Debug|Any CPU
		{B084254E-3AE1-4D1A-A62B-EB7225ADF964}.Debug|Any CPU.Build.0 = Debug|Any CPU
		{B084254E-3AE1-4D1A-A62B-EB7225ADF964}.Release|Any CPU.ActiveCfg = Release|Any CPU
		{B084254E-3AE1-4D1A-A62B-EB7225ADF964}.Release|Any CPU.Build.0 = Release|Any CPU
		{F8F3FAE6-3018-490C-951E-243159FC941F}.Debug|Any CPU.ActiveCfg = Debug|Any CPU
		{F8F3FAE6-3018-490C-951E-243159FC941F}.Debug|Any CPU.Build.0 = Debug|Any CPU
		{F8F3FAE6-3018-490C-951E-243159FC941F}.Release|Any CPU.ActiveCfg = Release|Any CPU
		{F8F3FAE6-3018-490C-951E-243159FC941F}.Release|Any CPU.Build.0 = Release|Any CPU
	EndGlobalSection
	GlobalSection(SolutionProperties) = preSolution
		HideSolutionNode = FALSE
	EndGlobalSection
EndGlobal
